
Microsoft Visual Studio Solution File, Format Version 12.00
# Visual Studio 15
VisualStudioVersion = 15.0.28307.329
MinimumVisualStudioVersion = 10.0.40219.1
Project("{FAE04EC0-301F-11D3-BF4B-00C04F79EFBC}") = "DashboardWebApi", "DashboardWebApi\DashboardWebApi.csproj", "{00B36245-3A50-4051-B359-238F32BE393C}"
EndProject
Global
	GlobalSection(SolutionConfigurationPlatforms) = preSolution
		Debug|Any CPU = Debug|Any CPU
		Release|Any CPU = Release|Any CPU
	EndGlobalSection
	GlobalSection(ProjectConfigurationPlatforms) = postSolution
		{00B36245-3A50-4051-B359-238F32BE393C}.Debug|Any CPU.ActiveCfg = Debug|Any CPU
		{00B36245-3A50-4051-B359-238F32BE393C}.Debug|Any CPU.Build.0 = Debug|Any CPU
		{00B36245-3A50-4051-B359-238F32BE393C}.Release|Any CPU.ActiveCfg = Release|Any CPU
		{00B36245-3A50-4051-B359-238F32BE393C}.Release|Any CPU.Build.0 = Release|Any CPU
	EndGlobalSection
	GlobalSection(SolutionProperties) = preSolution
		HideSolutionNode = FALSE
	EndGlobalSection
	GlobalSection(ExtensibilityGlobals) = postSolution
		SolutionGuid = {E4CED9DD-C187-47CE-AD83-C1AF1FD39050}
	EndGlobalSection
EndGlobal
